# This file is generated by running "yarn install" inside your project.
# Manual changes might be lost - proceed with caution!

__metadata:
  version: 6
  cacheKey: 8

"coffeescript@npm:^2.7.0":
  version: 2.7.0
  resolution: "coffeescript@npm:2.7.0"
  bin:
    cake: bin/cake
    coffee: bin/coffee
  checksum: b07c40910b0585ef7c1bddbfad93bdf1f47c158a1b6a21017a4366f2672d9253eb0d24c1301a96afb8dc687216a7613c2f40e572dc5994edcef9680dce839722
  languageName: node
  linkType: hard

"coffiescript-test@workspace:.":
  version: 0.0.0-use.local
  resolution: "coffiescript-test@workspace:."
  dependencies:
    coffeescript: ^2.7.0
  languageName: unknown
  linkType: soft
